
Microsoft Visual Studio Solution File, Format Version 12.00
# Visual Studio 14
VisualStudioVersion = 14.0.25420.1
MinimumVisualStudioVersion = 10.0.40219.1
Project("{262852C6-CD72-467D-83FE-5EEB1973A190}") = "BlankCordovaApp4", "BlankCordovaApp4\BlankCordovaApp4.jsproj", "{8D940E8F-E973-4C2B-8631-4CFA203DBB57}"
EndProject
Project("{262852C6-CD72-467D-83FE-5EEB1973A190}") = "WetherApp", "..\WetherApp\WetherApp\WetherApp.jsproj", "{DAA0CCAD-1D06-4F88-9D05-A36931734B25}"
EndProject
Global
	GlobalSection(SolutionConfigurationPlatforms) = preSolution
		Debug|Android = Debug|Android
		Debug|iOS = Debug|iOS
		Debug|Windows Phone (Universal) = Debug|Windows Phone (Universal)
		Debug|Windows Phone 8 = Debug|Windows Phone 8
		Debug|Windows-AnyCPU = Debug|Windows-AnyCPU
		Debug|Windows-ARM = Debug|Windows-ARM
		Debug|Windows-x64 = Debug|Windows-x64
		Debug|Windows-x86 = Debug|Windows-x86
		Release|Android = Release|Android
		Release|iOS = Release|iOS
		Release|Windows Phone (Universal) = Release|Windows Phone (Universal)
		Release|Windows Phone 8 = Release|Windows Phone 8
		Release|Windows-AnyCPU = Release|Windows-AnyCPU
		Release|Windows-ARM = Release|Windows-ARM
		Release|Windows-x64 = Release|Windows-x64
		Release|Windows-x86 = Release|Windows-x86
	EndGlobalSection
	GlobalSection(ProjectConfigurationPlatforms) = postSolution
		{8D940E8F-E973-4C2B-8631-4CFA203DBB57}.Debug|Android.ActiveCfg = Debug|Android
		{8D940E8F-E973-4C2B-8631-4CFA203DBB57}.Debug|Android.Build.0 = Debug|Android
		{8D940E8F-E973-4C2B-8631-4CFA203DBB57}.Debug|Android.Deploy.0 = Debug|Android
		{8D940E8F-E973-4C2B-8631-4CFA203DBB57}.Debug|iOS.ActiveCfg = Debug|iOS
		{8D940E8F-E973-4C2B-8631-4CFA203DBB57}.Debug|iOS.Build.0 = Debug|iOS
		{8D940E8F-E973-4C2B-8631-4CFA203DBB57}.Debug|iOS.Deploy.0 = Debug|iOS
		{8D940E8F-E973-4C2B-8631-4CFA203DBB57}.Debug|Windows Phone (Universal).ActiveCfg = Debug|Windows Phone (Universal)
		{8D940E8F-E973-4C2B-8631-4CFA203DBB57}.Debug|Windows Phone (Universal).Build.0 = Debug|Windows Phone (Universal)
		{8D940E8F-E973-4C2B-8631-4CFA203DBB57}.Debug|Windows Phone (Universal).Deploy.0 = Debug|Windows Phone (Universal)
		{8D940E8F-E973-4C2B-8631-4CFA203DBB57}.Debug|Windows Phone 8.ActiveCfg = Debug|Windows Phone 8
		{8D940E8F-E973-4C2B-8631-4CFA203DBB57}.Debug|Windows Phone 8.Build.0 = Debug|Windows Phone 8
		{8D940E8F-E973-4C2B-8631-4CFA203DBB57}.Debug|Windows Phone 8.Deploy.0 = Debug|Windows Phone 8
		{8D940E8F-E973-4C2B-8631-4CFA203DBB57}.Debug|Windows-AnyCPU.ActiveCfg = Debug|Windows-AnyCPU
		{8D940E8F-E973-4C2B-8631-4CFA203DBB57}.Debug|Windows-AnyCPU.Build.0 = Debug|Windows-AnyCPU
		{8D940E8F-E973-4C2B-8631-4CFA203DBB57}.Debug|Windows-AnyCPU.Deploy.0 = Debug|Windows-AnyCPU
		{8D940E8F-E973-4C2B-8631-4CFA203DBB57}.Debug|Windows-ARM.ActiveCfg = Debug|Windows-ARM
		{8D940E8F-E973-4C2B-8631-4CFA203DBB57}.Debug|Windows-ARM.Build.0 = Debug|Windows-ARM
		{8D940E8F-E973-4C2B-8631-4CFA203DBB57}.Debug|Windows-ARM.Deploy.0 = Debug|Windows-ARM
		{8D940E8F-E973-4C2B-8631-4CFA203DBB57}.Debug|Windows-x64.ActiveCfg = Debug|Windows-x64
		{8D940E8F-E973-4C2B-8631-4CFA203DBB57}.Debug|Windows-x64.Build.0 = Debug|Windows-x64
		{8D940E8F-E973-4C2B-8631-4CFA203DBB57}.Debug|Windows-x64.Deploy.0 = Debug|Windows-x64
		{8D940E8F-E973-4C2B-8631-4CFA203DBB57}.Debug|Windows-x86.ActiveCfg = Debug|Windows-x86
		{8D940E8F-E973-4C2B-8631-4CFA203DBB57}.Debug|Windows-x86.Build.0 = Debug|Windows-x86
		{8D940E8F-E973-4C2B-8631-4CFA203DBB57}.Debug|Windows-x86.Deploy.0 = Debug|Windows-x86
		{8D940E8F-E973-4C2B-8631-4CFA203DBB57}.Release|Android.ActiveCfg = Release|Android
		{8D940E8F-E973-4C2B-8631-4CFA203DBB57}.Release|Android.Build.0 = Release|Android
		{8D940E8F-E973-4C2B-8631-4CFA203DBB57}.Release|Android.Deploy.0 = Release|Android
		{8D940E8F-E973-4C2B-8631-4CFA203DBB57}.Release|iOS.ActiveCfg = Release|iOS
		{8D940E8F-E973-4C2B-8631-4CFA203DBB57}.Release|iOS.Build.0 = Release|iOS
		{8D940E8F-E973-4C2B-8631-4CFA203DBB57}.Release|iOS.Deploy.0 = Release|iOS
		{8D940E8F-E973-4C2B-8631-4CFA203DBB57}.Release|Windows Phone (Universal).ActiveCfg = Release|Windows Phone (Universal)
		{8D940E8F-E973-4C2B-8631-4CFA203DBB57}.Release|Windows Phone (Universal).Build.0 = Release|Windows Phone (Universal)
		{8D940E8F-E973-4C2B-8631-4CFA203DBB57}.Release|Windows Phone (Universal).Deploy.0 = Release|Windows Phone (Universal)
		{8D940E8F-E973-4C2B-8631-4CFA203DBB57}.Release|Windows Phone 8.ActiveCfg = Release|Windows Phone 8
		{8D940E8F-E973-4C2B-8631-4CFA203DBB57}.Release|Windows Phone 8.Build.0 = Release|Windows Phone 8
		{8D940E8F-E973-4C2B-8631-4CFA203DBB57}.Release|Windows Phone 8.Deploy.0 = Release|Windows Phone 8
		{8D940E8F-E973-4C2B-8631-4CFA203DBB57}.Release|Windows-AnyCPU.ActiveCfg = Release|Windows-AnyCPU
		{8D940E8F-E973-4C2B-8631-4CFA203DBB57}.Release|Windows-AnyCPU.Build.0 = Release|Windows-AnyCPU
		{8D940E8F-E973-4C2B-8631-4CFA203DBB57}.Release|Windows-AnyCPU.Deploy.0 = Release|Windows-AnyCPU
		{8D940E8F-E973-4C2B-8631-4CFA203DBB57}.Release|Windows-ARM.ActiveCfg = Release|Windows-ARM
		{8D940E8F-E973-4C2B-8631-4CFA203DBB57}.Release|Windows-ARM.Build.0 = Release|Windows-ARM
		{8D940E8F-E973-4C2B-8631-4CFA203DBB57}.Release|Windows-ARM.Deploy.0 = Release|Windows-ARM
		{8D940E8F-E973-4C2B-8631-4CFA203DBB57}.Release|Windows-x64.ActiveCfg = Release|Windows-x64
		{8D940E8F-E973-4C2B-8631-4CFA203DBB57}.Release|Windows-x64.Build.0 = Release|Windows-x64
		{8D940E8F-E973-4C2B-8631-4CFA203DBB57}.Release|Windows-x64.Deploy.0 = Release|Windows-x64
		{8D940E8F-E973-4C2B-8631-4CFA203DBB57}.Release|Windows-x86.ActiveCfg = Release|Windows-x86
		{8D940E8F-E973-4C2B-8631-4CFA203DBB57}.Release|Windows-x86.Build.0 = Release|Windows-x86
		{8D940E8F-E973-4C2B-8631-4CFA203DBB57}.Release|Windows-x86.Deploy.0 = Release|Windows-x86
		{DAA0CCAD-1D06-4F88-9D05-A36931734B25}.Debug|Android.ActiveCfg = Debug|Android
		{DAA0CCAD-1D06-4F88-9D05-A36931734B25}.Debug|Android.Build.0 = Debug|Android
		{DAA0CCAD-1D06-4F88-9D05-A36931734B25}.Debug|Android.Deploy.0 = Debug|Android
		{DAA0CCAD-1D06-4F88-9D05-A36931734B25}.Debug|iOS.ActiveCfg = Debug|iOS
		{DAA0CCAD-1D06-4F88-9D05-A36931734B25}.Debug|iOS.Build.0 = Debug|iOS
		{DAA0CCAD-1D06-4F88-9D05-A36931734B25}.Debug|iOS.Deploy.0 = Debug|iOS
		{DAA0CCAD-1D06-4F88-9D05-A36931734B25}.Debug|Windows Phone (Universal).ActiveCfg = Debug|Windows Phone (Universal)
		{DAA0CCAD-1D06-4F88-9D05-A36931734B25}.Debug|Windows Phone (Universal).Build.0 = Debug|Windows Phone (Universal)
		{DAA0CCAD-1D06-4F88-9D05-A36931734B25}.Debug|Windows Phone (Universal).Deploy.0 = Debug|Windows Phone (Universal)
		{DAA0CCAD-1D06-4F88-9D05-A36931734B25}.Debug|Windows Phone 8.ActiveCfg = Debug|Windows Phone 8
		{DAA0CCAD-1D06-4F88-9D05-A36931734B25}.Debug|Windows Phone 8.Build.0 = Debug|Windows Phone 8
		{DAA0CCAD-1D06-4F88-9D05-A36931734B25}.Debug|Windows Phone 8.Deploy.0 = Debug|Windows Phone 8
		{DAA0CCAD-1D06-4F88-9D05-A36931734B25}.Debug|Windows-AnyCPU.ActiveCfg = Debug|Windows-AnyCPU
		{DAA0CCAD-1D06-4F88-9D05-A36931734B25}.Debug|Windows-AnyCPU.Build.0 = Debug|Windows-AnyCPU
		{DAA0CCAD-1D06-4F88-9D05-A36931734B25}.Debug|Windows-AnyCPU.Deploy.0 = Debug|Windows-AnyCPU
		{DAA0CCAD-1D06-4F88-9D05-A36931734B25}.Debug|Windows-ARM.ActiveCfg = Debug|Windows-ARM
		{DAA0CCAD-1D06-4F88-9D05-A36931734B25}.Debug|Windows-ARM.Build.0 = Debug|Windows-ARM
		{DAA0CCAD-1D06-4F88-9D05-A36931734B25}.Debug|Windows-ARM.Deploy.0 = Debug|Windows-ARM
		{DAA0CCAD-1D06-4F88-9D05-A36931734B25}.Debug|Windows-x64.ActiveCfg = Debug|Windows-x64
		{DAA0CCAD-1D06-4F88-9D05-A36931734B25}.Debug|Windows-x64.Build.0 = Debug|Windows-x64
		{DAA0CCAD-1D06-4F88-9D05-A36931734B25}.Debug|Windows-x64.Deploy.0 = Debug|Windows-x64
		{DAA0CCAD-1D06-4F88-9D05-A36931734B25}.Debug|Windows-x86.ActiveCfg = Debug|Windows-x86
		{DAA0CCAD-1D06-4F88-9D05-A36931734B25}.Debug|Windows-x86.Build.0 = Debug|Windows-x86
		{DAA0CCAD-1D06-4F88-9D05-A36931734B25}.Debug|Windows-x86.Deploy.0 = Debug|Windows-x86
		{DAA0CCAD-1D06-4F88-9D05-A36931734B25}.Release|Android.ActiveCfg = Release|Android
		{DAA0CCAD-1D06-4F88-9D05-A36931734B25}.Release|Android.Build.0 = Release|Android
		{DAA0CCAD-1D06-4F88-9D05-A36931734B25}.Release|Android.Deploy.0 = Release|Android
		{DAA0CCAD-1D06-4F88-9D05-A36931734B25}.Release|iOS.ActiveCfg = Release|iOS
		{DAA0CCAD-1D06-4F88-9D05-A36931734B25}.Release|iOS.Build.0 = Release|iOS
		{DAA0CCAD-1D06-4F88-9D05-A36931734B25}.Release|iOS.Deploy.0 = Release|iOS
		{DAA0CCAD-1D06-4F88-9D05-A36931734B25}.Release|Windows Phone (Universal).ActiveCfg = Release|Windows Phone (Universal)
		{DAA0CCAD-1D06-4F88-9D05-A36931734B25}.Release|Windows Phone (Universal).Build.0 = Release|Windows Phone (Universal)
		{DAA0CCAD-1D06-4F88-9D05-A36931734B25}.Release|Windows Phone (Universal).Deploy.0 = Release|Windows Phone (Universal)
		{DAA0CCAD-1D06-4F88-9D05-A36931734B25}.Release|Windows Phone 8.ActiveCfg = Release|Windows Phone 8
		{DAA0CCAD-1D06-4F88-9D05-A36931734B25}.Release|Windows Phone 8.Build.0 = Release|Windows Phone 8
		{DAA0CCAD-1D06-4F88-9D05-A36931734B25}.Release|Windows Phone 8.Deploy.0 = Release|Windows Phone 8
		{DAA0CCAD-1D06-4F88-9D05-A36931734B25}.Release|Windows-AnyCPU.ActiveCfg = Release|Windows-AnyCPU
		{DAA0CCAD-1D06-4F88-9D05-A36931734B25}.Release|Windows-AnyCPU.Build.0 = Release|Windows-AnyCPU
		{DAA0CCAD-1D06-4F88-9D05-A36931734B25}.Release|Windows-AnyCPU.Deploy.0 = Release|Windows-AnyCPU
		{DAA0CCAD-1D06-4F88-9D05-A36931734B25}.Release|Windows-ARM.ActiveCfg = Release|Windows-ARM
		{DAA0CCAD-1D06-4F88-9D05-A36931734B25}.Release|Windows-ARM.Build.0 = Release|Windows-ARM
		{DAA0CCAD-1D06-4F88-9D05-A36931734B25}.Release|Windows-ARM.Deploy.0 = Release|Windows-ARM
		{DAA0CCAD-1D06-4F88-9D05-A36931734B25}.Release|Windows-x64.ActiveCfg = Release|Windows-x64
		{DAA0CCAD-1D06-4F88-9D05-A36931734B25}.Release|Windows-x64.Build.0 = Release|Windows-x64
		{DAA0CCAD-1D06-4F88-9D05-A36931734B25}.Release|Windows-x64.Deploy.0 = Release|Windows-x64
		{DAA0CCAD-1D06-4F88-9D05-A36931734B25}.Release|Windows-x86.ActiveCfg = Release|Windows-x86
		{DAA0CCAD-1D06-4F88-9D05-A36931734B25}.Release|Windows-x86.Build.0 = Release|Windows-x86
		{DAA0CCAD-1D06-4F88-9D05-A36931734B25}.Release|Windows-x86.Deploy.0 = Release|Windows-x86
	EndGlobalSection
	GlobalSection(SolutionProperties) = preSolution
		HideSolutionNode = FALSE
	EndGlobalSection
EndGlobal
